// !$*UTF8*$!
{
	archiveVersion = 1;
	classes = {
	};
	objectVersion = 46;
	objects = {

/* Begin PBXBuildFile section */
		A27B3AC91EE770DA00380B5F /* main.cpp in Sources */ = {isa = PBXBuildFile; fileRef = A27B3AC81EE770DA00380B5F /* main.cpp */; };
		A27B3AD11EE770FF00380B5F /* geometry.cpp in Sources */ = {isa = PBXBuildFile; fileRef = A27B3ACF1EE770FF00380B5F /* geometry.cpp */; };
		A2E75EAC1EFC73DF00A7A9AB /* testsAndProjections.cpp in Sources */ = {isa = PBXBuildFile; fileRef = A2E75EAA1EFC73DF00A7A9AB /* testsAndProjections.cpp */; };
		A2E75EAE1EFC895500A7A9AB /* quadTables.cpp in Sources */ = {isa = PBXBuildFile; fileRef = A2E75EAD1EFC895500A7A9AB /* quadTables.cpp */; };
		A2EED2AF1EF7409A00FF9D28 /* legendrebasis.cpp in Sources */ = {isa = PBXBuildFile; fileRef = A2EED2AD1EF7409A00FF9D28 /* legendrebasis.cpp */; };
/* End PBXBuildFile section */

/* Begin PBXCopyFilesBuildPhase section */
		A27B3AC31EE770DA00380B5F /* CopyFiles */ = {
			isa = PBXCopyFilesBuildPhase;
			buildActionMask = 2147483647;
			dstPath = /usr/share/man/man1/;
			dstSubfolderSpec = 0;
			files = (
			);
			runOnlyForDeploymentPostprocessing = 1;
		};
/* End PBXCopyFilesBuildPhase section */

/* Begin PBXFileReference section */
		A27B3AC51EE770DA00380B5F /* BEM */ = {isa = PBXFileReference; explicitFileType = "compiled.mach-o.executable"; includeInIndex = 0; path = BEM; sourceTree = BUILT_PRODUCTS_DIR; };
		A27B3AC81EE770DA00380B5F /* main.cpp */ = {isa = PBXFileReference; lastKnownFileType = sourcecode.cpp.cpp; path = main.cpp; sourceTree = "<group>"; };
		A27B3ACF1EE770FF00380B5F /* geometry.cpp */ = {isa = PBXFileReference; fileEncoding = 4; lastKnownFileType = sourcecode.cpp.cpp; path = geometry.cpp; sourceTree = "<group>"; };
		A27B3AD01EE770FF00380B5F /* geometry.hpp */ = {isa = PBXFileReference; fileEncoding = 4; lastKnownFileType = sourcecode.cpp.h; path = geometry.hpp; sourceTree = "<group>"; };
		A2E75EAA1EFC73DF00A7A9AB /* testsAndProjections.cpp */ = {isa = PBXFileReference; fileEncoding = 4; lastKnownFileType = sourcecode.cpp.cpp; path = testsAndProjections.cpp; sourceTree = "<group>"; };
		A2E75EAB1EFC73DF00A7A9AB /* testsAndProjections.hpp */ = {isa = PBXFileReference; fileEncoding = 4; lastKnownFileType = sourcecode.cpp.h; path = testsAndProjections.hpp; sourceTree = "<group>"; };
		A2E75EAD1EFC895500A7A9AB /* quadTables.cpp */ = {isa = PBXFileReference; fileEncoding = 4; lastKnownFileType = sourcecode.cpp.cpp; path = quadTables.cpp; sourceTree = "<group>"; };
		A2E75EAF1EFE8D2400A7A9AB /* quadTables.hpp */ = {isa = PBXFileReference; lastKnownFileType = sourcecode.cpp.h; path = quadTables.hpp; sourceTree = "<group>"; };
		A2E75EB41EFF401800A7A9AB /* exportQuadrature.m */ = {isa = PBXFileReference; lastKnownFileType = sourcecode.c.objc; path = exportQuadrature.m; sourceTree = "<group>"; };
		A2E75EB51EFF401800A7A9AB /* gaussianQuad.txt */ = {isa = PBXFileReference; lastKnownFileType = text; path = gaussianQuad.txt; sourceTree = "<group>"; };
		A2E75EB61EFF401800A7A9AB /* LogGaussianQuad.txt */ = {isa = PBXFileReference; lastKnownFileType = text; path = LogGaussianQuad.txt; sourceTree = "<group>"; };
		A2EED2AD1EF7409A00FF9D28 /* legendrebasis.cpp */ = {isa = PBXFileReference; fileEncoding = 4; lastKnownFileType = sourcecode.cpp.cpp; path = legendrebasis.cpp; sourceTree = "<group>"; };
		A2EED2AE1EF7409A00FF9D28 /* legendrebasis.hpp */ = {isa = PBXFileReference; fileEncoding = 4; lastKnownFileType = sourcecode.cpp.h; path = legendrebasis.hpp; sourceTree = "<group>"; };
/* End PBXFileReference section */

/* Begin PBXFrameworksBuildPhase section */
		A27B3AC21EE770DA00380B5F /* Frameworks */ = {
			isa = PBXFrameworksBuildPhase;
			buildActionMask = 2147483647;
			files = (
			);
			runOnlyForDeploymentPostprocessing = 0;
		};
/* End PBXFrameworksBuildPhase section */

/* Begin PBXGroup section */
		A27B3ABC1EE770D900380B5F = {
			isa = PBXGroup;
			children = (
				A27B3AC71EE770DA00380B5F /* BEM */,
				A27B3AC61EE770DA00380B5F /* Products */,
			);
			sourceTree = "<group>";
		};
		A27B3AC61EE770DA00380B5F /* Products */ = {
			isa = PBXGroup;
			children = (
				A27B3AC51EE770DA00380B5F /* BEM */,
			);
			name = Products;
			sourceTree = "<group>";
		};
		A27B3AC71EE770DA00380B5F /* BEM */ = {
			isa = PBXGroup;
			children = (
				A27B3ACF1EE770FF00380B5F /* geometry.cpp */,
				A27B3AD01EE770FF00380B5F /* geometry.hpp */,
				A2EED2AD1EF7409A00FF9D28 /* legendrebasis.cpp */,
				A2EED2AE1EF7409A00FF9D28 /* legendrebasis.hpp */,
				A27B3AC81EE770DA00380B5F /* main.cpp */,
				A2E75EB41EFF401800A7A9AB /* exportQuadrature.m */,
				A2E75EB51EFF401800A7A9AB /* gaussianQuad.txt */,
				A2E75EB61EFF401800A7A9AB /* LogGaussianQuad.txt */,
				A2E75EAA1EFC73DF00A7A9AB /* testsAndProjections.cpp */,
				A2E75EAD1EFC895500A7A9AB /* quadTables.cpp */,
				A2E75EAF1EFE8D2400A7A9AB /* quadTables.hpp */,
				A2E75EAB1EFC73DF00A7A9AB /* testsAndProjections.hpp */,
			);
			path = BEM;
			sourceTree = "<group>";
		};
/* End PBXGroup section */

/* Begin PBXNativeTarget section */
		A27B3AC41EE770DA00380B5F /* BEM */ = {
			isa = PBXNativeTarget;
			buildConfigurationList = A27B3ACC1EE770DA00380B5F /* Build configuration list for PBXNativeTarget "BEM" */;
			buildPhases = (
				A27B3AC11EE770DA00380B5F /* Sources */,
				A27B3AC21EE770DA00380B5F /* Frameworks */,
				A27B3AC31EE770DA00380B5F /* CopyFiles */,
			);
			buildRules = (
			);
			dependencies = (
			);
			name = BEM;
			productName = BEM;
			productReference = A27B3AC51EE770DA00380B5F /* BEM */;
			productType = "com.apple.product-type.tool";
		};
/* End PBXNativeTarget section */

/* Begin PBXProject section */
		A27B3ABD1EE770DA00380B5F /* Project object */ = {
			isa = PBXProject;
			attributes = {
				LastUpgradeCheck = 0820;
				ORGANIZATIONNAME = "Matthew Hassell";
				TargetAttributes = {
					A27B3AC41EE770DA00380B5F = {
						CreatedOnToolsVersion = 8.2.1;
						ProvisioningStyle = Automatic;
					};
				};
			};
			buildConfigurationList = A27B3AC01EE770DA00380B5F /* Build configuration list for PBXProject "BEM" */;
			compatibilityVersion = "Xcode 3.2";
			developmentRegion = English;
			hasScannedForEncodings = 0;
			knownRegions = (
				en,
			);
			mainGroup = A27B3ABC1EE770D900380B5F;
			productRefGroup = A27B3AC61EE770DA00380B5F /* Products */;
			projectDirPath = "";
			projectRoot = "";
			targets = (
				A27B3AC41EE770DA00380B5F /* BEM */,
			);
		};
/* End PBXProject section */

/* Begin PBXSourcesBuildPhase section */
		A27B3AC11EE770DA00380B5F /* Sources */ = {
			isa = PBXSourcesBuildPhase;
			buildActionMask = 2147483647;
			files = (
				A2EED2AF1EF7409A00FF9D28 /* legendrebasis.cpp in Sources */,
				A27B3AC91EE770DA00380B5F /* main.cpp in Sources */,
				A2E75EAE1EFC895500A7A9AB /* quadTables.cpp in Sources */,
				A2E75EAC1EFC73DF00A7A9AB /* testsAndProjections.cpp in Sources */,
				A27B3AD11EE770FF00380B5F /* geometry.cpp in Sources */,
			);
			runOnlyForDeploymentPostprocessing = 0;
		};
/* End PBXSourcesBuildPhase section */

/* Begin XCBuildConfiguration section */
		A27B3ACA1EE770DA00380B5F /* Debug */ = {
			isa = XCBuildConfiguration;
			buildSettings = {
				ALWAYS_SEARCH_USER_PATHS = NO;
				CLANG_ANALYZER_NONNULL = YES;
				CLANG_CXX_LANGUAGE_STANDARD = "gnu++0x";
				CLANG_CXX_LIBRARY = "libc++";
				CLANG_ENABLE_MODULES = YES;
				CLANG_ENABLE_OBJC_ARC = YES;
				CLANG_WARN_BOOL_CONVERSION = YES;
				CLANG_WARN_CONSTANT_CONVERSION = YES;
				CLANG_WARN_DIRECT_OBJC_ISA_USAGE = YES_ERROR;
				CLANG_WARN_DOCUMENTATION_COMMENTS = YES;
				CLANG_WARN_EMPTY_BODY = YES;
				CLANG_WARN_ENUM_CONVERSION = YES;
				CLANG_WARN_INFINITE_RECURSION = YES;
				CLANG_WARN_INT_CONVERSION = YES;
				CLANG_WARN_OBJC_ROOT_CLASS = YES_ERROR;
				CLANG_WARN_SUSPICIOUS_MOVE = YES;
				CLANG_WARN_UNREACHABLE_CODE = YES;
				CLANG_WARN__DUPLICATE_METHOD_MATCH = YES;
				CODE_SIGN_IDENTITY = "-";
				COPY_PHASE_STRIP = NO;
				DEBUG_INFORMATION_FORMAT = dwarf;
				ENABLE_STRICT_OBJC_MSGSEND = YES;
				ENABLE_TESTABILITY = YES;
				GCC_C_LANGUAGE_STANDARD = gnu99;
				GCC_DYNAMIC_NO_PIC = NO;
				GCC_NO_COMMON_BLOCKS = YES;
				GCC_OPTIMIZATION_LEVEL = 0;
				GCC_PREPROCESSOR_DEFINITIONS = (
					"DEBUG=1",
					"$(inherited)",
				);
				GCC_WARN_64_TO_32_BIT_CONVERSION = YES;
				GCC_WARN_ABOUT_RETURN_TYPE = YES_ERROR;
				GCC_WARN_UNDECLARED_SELECTOR = YES;
				GCC_WARN_UNINITIALIZED_AUTOS = YES_AGGRESSIVE;
				GCC_WARN_UNUSED_FUNCTION = YES;
				GCC_WARN_UNUSED_VARIABLE = YES;
				MACOSX_DEPLOYMENT_TARGET = 10.11;
				MTL_ENABLE_DEBUG_INFO = YES;
				ONLY_ACTIVE_ARCH = YES;
				SDKROOT = macosx;
			};
			name = Debug;
		};
		A27B3ACB1EE770DA00380B5F /* Release */ = {
			isa = XCBuildConfiguration;
			buildSettings = {
				ALWAYS_SEARCH_USER_PATHS = NO;
				CLANG_ANALYZER_NONNULL = YES;
				CLANG_CXX_LANGUAGE_STANDARD = "gnu++0x";
				CLANG_CXX_LIBRARY = "libc++";
				CLANG_ENABLE_MODULES = YES;
				CLANG_ENABLE_OBJC_ARC = YES;
				CLANG_WARN_BOOL_CONVERSION = YES;
				CLANG_WARN_CONSTANT_CONVERSION = YES;
				CLANG_WARN_DIRECT_OBJC_ISA_USAGE = YES_ERROR;
				CLANG_WARN_DOCUMENTATION_COMMENTS = YES;
				CLANG_WARN_EMPTY_BODY = YES;
				CLANG_WARN_ENUM_CONVERSION = YES;
				CLANG_WARN_INFINITE_RECURSION = YES;
				CLANG_WARN_INT_CONVERSION = YES;
				CLANG_WARN_OBJC_ROOT_CLASS = YES_ERROR;
				CLANG_WARN_SUSPICIOUS_MOVE = YES;
				CLANG_WARN_UNREACHABLE_CODE = YES;
				CLANG_WARN__DUPLICATE_METHOD_MATCH = YES;
				CODE_SIGN_IDENTITY = "-";
				COPY_PHASE_STRIP = NO;
				DEBUG_INFORMATION_FORMAT = "dwarf-with-dsym";
				ENABLE_NS_ASSERTIONS = NO;
				ENABLE_STRICT_OBJC_MSGSEND = YES;
				GCC_C_LANGUAGE_STANDARD = gnu99;
				GCC_NO_COMMON_BLOCKS = YES;
				GCC_WARN_64_TO_32_BIT_CONVERSION = YES;
				GCC_WARN_ABOUT_RETURN_TYPE = YES_ERROR;
				GCC_WARN_UNDECLARED_SELECTOR = YES;
				GCC_WARN_UNINITIALIZED_AUTOS = YES_AGGRESSIVE;
				GCC_WARN_UNUSED_FUNCTION = YES;
				GCC_WARN_UNUSED_VARIABLE = YES;
				MACOSX_DEPLOYMENT_TARGET = 10.11;
				MTL_ENABLE_DEBUG_INFO = NO;
				SDKROOT = macosx;
			};
			name = Release;
		};
		A27B3ACD1EE770DA00380B5F /* Debug */ = {
			isa = XCBuildConfiguration;
			buildSettings = {
				HEADER_SEARCH_PATHS = /usr/local/Cellar/boost/1.64.0_1/include;
				LIBRARY_SEARCH_PATHS = /usr/local/Cellar/boost/1.64.0_1/lib;
				PRODUCT_NAME = "$(TARGET_NAME)";
			};
			name = Debug;
		};
		A27B3ACE1EE770DA00380B5F /* Release */ = {
			isa = XCBuildConfiguration;
			buildSettings = {
				HEADER_SEARCH_PATHS = /usr/local/Cellar/boost/1.64.0_1/include;
				LIBRARY_SEARCH_PATHS = /usr/local/Cellar/boost/1.64.0_1/lib;
				PRODUCT_NAME = "$(TARGET_NAME)";
			};
			name = Release;
		};
/* End XCBuildConfiguration section */

/* Begin XCConfigurationList section */
		A27B3AC01EE770DA00380B5F /* Build configuration list for PBXProject "BEM" */ = {
			isa = XCConfigurationList;
			buildConfigurations = (
				A27B3ACA1EE770DA00380B5F /* Debug */,
				A27B3ACB1EE770DA00380B5F /* Release */,
			);
			defaultConfigurationIsVisible = 0;
			defaultConfigurationName = Release;
		};
		A27B3ACC1EE770DA00380B5F /* Build configuration list for PBXNativeTarget "BEM" */ = {
			isa = XCConfigurationList;
			buildConfigurations = (
				A27B3ACD1EE770DA00380B5F /* Debug */,
				A27B3ACE1EE770DA00380B5F /* Release */,
			);
			defaultConfigurationIsVisible = 0;
			defaultConfigurationName = Release;
		};
/* End XCConfigurationList section */
	};
	rootObject = A27B3ABD1EE770DA00380B5F /* Project object */;
}
